// !$*UTF8*$!
{
	archiveVersion = 1;
	classes = {
	};
	objectVersion = 55;
	objects = {

/* Begin PBXBuildFile section */
		AA4BA7FE272CBDD000110C1D /* AppDelegate.swift in Sources */ = {isa = PBXBuildFile; fileRef = AA4BA7FD272CBDD000110C1D /* AppDelegate.swift */; };
		AA4BA800272CBDD000110C1D /* SceneDelegate.swift in Sources */ = {isa = PBXBuildFile; fileRef = AA4BA7FF272CBDD000110C1D /* SceneDelegate.swift */; };
		AA4BA805272CBDD000110C1D /* NewsListing.storyboard in Resources */ = {isa = PBXBuildFile; fileRef = AA4BA803272CBDD000110C1D /* NewsListing.storyboard */; };
		AA4BA807272CBDD100110C1D /* Assets.xcassets in Resources */ = {isa = PBXBuildFile; fileRef = AA4BA806272CBDD100110C1D /* Assets.xcassets */; };
		AA4BA80A272CBDD100110C1D /* LaunchScreen.storyboard in Resources */ = {isa = PBXBuildFile; fileRef = AA4BA808272CBDD100110C1D /* LaunchScreen.storyboard */; };
		AA4BA815272CBDD200110C1D /* News_AppTests.swift in Sources */ = {isa = PBXBuildFile; fileRef = AA4BA814272CBDD200110C1D /* News_AppTests.swift */; };
		AA4BA81F272CBDD200110C1D /* News_AppUITests.swift in Sources */ = {isa = PBXBuildFile; fileRef = AA4BA81E272CBDD200110C1D /* News_AppUITests.swift */; };
		AA4BA821272CBDD200110C1D /* News_AppUITestsLaunchTests.swift in Sources */ = {isa = PBXBuildFile; fileRef = AA4BA820272CBDD200110C1D /* News_AppUITestsLaunchTests.swift */; };
		AA4BA835272CC2CF00110C1D /* StoryBoard.swift in Sources */ = {isa = PBXBuildFile; fileRef = AA4BA834272CC2CF00110C1D /* StoryBoard.swift */; };
		AA4BA836272CC2CF00110C1D /* StoryBoard.swift in Sources */ = {isa = PBXBuildFile; fileRef = AA4BA834272CC2CF00110C1D /* StoryBoard.swift */; };
		AA4BA837272CC2CF00110C1D /* StoryBoard.swift in Sources */ = {isa = PBXBuildFile; fileRef = AA4BA834272CC2CF00110C1D /* StoryBoard.swift */; };
		AA4BA839272CC3C200110C1D /* UIViewController.swift in Sources */ = {isa = PBXBuildFile; fileRef = AA4BA838272CC3C200110C1D /* UIViewController.swift */; };
		AA4BA83A272CC3C200110C1D /* UIViewController.swift in Sources */ = {isa = PBXBuildFile; fileRef = AA4BA838272CC3C200110C1D /* UIViewController.swift */; };
		AA4BA83B272CC3C200110C1D /* UIViewController.swift in Sources */ = {isa = PBXBuildFile; fileRef = AA4BA838272CC3C200110C1D /* UIViewController.swift */; };
		AA4BA83D272CD7AC00110C1D /* NewsListingViewController.swift in Sources */ = {isa = PBXBuildFile; fileRef = AA4BA83C272CD7AC00110C1D /* NewsListingViewController.swift */; };
		AA4BA83E272CD7AC00110C1D /* NewsListingViewController.swift in Sources */ = {isa = PBXBuildFile; fileRef = AA4BA83C272CD7AC00110C1D /* NewsListingViewController.swift */; };
		AA4BA83F272CD7AC00110C1D /* NewsListingViewController.swift in Sources */ = {isa = PBXBuildFile; fileRef = AA4BA83C272CD7AC00110C1D /* NewsListingViewController.swift */; };
		AAAD9BB3272F2700009BD346 /* NewsListingInteractor.swift in Sources */ = {isa = PBXBuildFile; fileRef = AAAD9BB2272F2700009BD346 /* NewsListingInteractor.swift */; };
		AAAD9BB4272F2700009BD346 /* NewsListingInteractor.swift in Sources */ = {isa = PBXBuildFile; fileRef = AAAD9BB2272F2700009BD346 /* NewsListingInteractor.swift */; };
		AAAD9BB5272F2700009BD346 /* NewsListingInteractor.swift in Sources */ = {isa = PBXBuildFile; fileRef = AAAD9BB2272F2700009BD346 /* NewsListingInteractor.swift */; };
		AAAD9BB8272F2788009BD346 /* NewsListingWorker.swift in Sources */ = {isa = PBXBuildFile; fileRef = AAAD9BB7272F2788009BD346 /* NewsListingWorker.swift */; };
		AAAD9BB9272F2788009BD346 /* NewsListingWorker.swift in Sources */ = {isa = PBXBuildFile; fileRef = AAAD9BB7272F2788009BD346 /* NewsListingWorker.swift */; };
		AAAD9BBA272F2788009BD346 /* NewsListingWorker.swift in Sources */ = {isa = PBXBuildFile; fileRef = AAAD9BB7272F2788009BD346 /* NewsListingWorker.swift */; };
		AABBDA7D272F7DEB0041F67D /* NewsTableViewDataSourcee.swift in Sources */ = {isa = PBXBuildFile; fileRef = AABBDA7C272F7DEB0041F67D /* NewsTableViewDataSourcee.swift */; };
		AABBDA7E272F7DEB0041F67D /* NewsTableViewDataSourcee.swift in Sources */ = {isa = PBXBuildFile; fileRef = AABBDA7C272F7DEB0041F67D /* NewsTableViewDataSourcee.swift */; };
		AABBDA7F272F7DEB0041F67D /* NewsTableViewDataSourcee.swift in Sources */ = {isa = PBXBuildFile; fileRef = AABBDA7C272F7DEB0041F67D /* NewsTableViewDataSourcee.swift */; };
		AABBDA81272F7E010041F67D /* NewsTableViewDelegate.swift in Sources */ = {isa = PBXBuildFile; fileRef = AABBDA80272F7E010041F67D /* NewsTableViewDelegate.swift */; };
		AABBDA82272F7E010041F67D /* NewsTableViewDelegate.swift in Sources */ = {isa = PBXBuildFile; fileRef = AABBDA80272F7E010041F67D /* NewsTableViewDelegate.swift */; };
		AABBDA83272F7E010041F67D /* NewsTableViewDelegate.swift in Sources */ = {isa = PBXBuildFile; fileRef = AABBDA80272F7E010041F67D /* NewsTableViewDelegate.swift */; };
		AABBDA86272F7F120041F67D /* NewsTableViewCell.swift in Sources */ = {isa = PBXBuildFile; fileRef = AABBDA84272F7F120041F67D /* NewsTableViewCell.swift */; };
		AABBDA87272F7F120041F67D /* NewsTableViewCell.swift in Sources */ = {isa = PBXBuildFile; fileRef = AABBDA84272F7F120041F67D /* NewsTableViewCell.swift */; };
		AABBDA88272F7F120041F67D /* NewsTableViewCell.swift in Sources */ = {isa = PBXBuildFile; fileRef = AABBDA84272F7F120041F67D /* NewsTableViewCell.swift */; };
		AABBDA89272F7F120041F67D /* NewsTableViewCell.xib in Resources */ = {isa = PBXBuildFile; fileRef = AABBDA85272F7F120041F67D /* NewsTableViewCell.xib */; };
		AABBDA8A272F7F120041F67D /* NewsTableViewCell.xib in Resources */ = {isa = PBXBuildFile; fileRef = AABBDA85272F7F120041F67D /* NewsTableViewCell.xib */; };
		AABBDA8B272F7F120041F67D /* NewsTableViewCell.xib in Resources */ = {isa = PBXBuildFile; fileRef = AABBDA85272F7F120041F67D /* NewsTableViewCell.xib */; };
		AABBDA8D272F7F9F0041F67D /* UIView.swift in Sources */ = {isa = PBXBuildFile; fileRef = AABBDA8C272F7F9F0041F67D /* UIView.swift */; };
		AABBDA8E272F7F9F0041F67D /* UIView.swift in Sources */ = {isa = PBXBuildFile; fileRef = AABBDA8C272F7F9F0041F67D /* UIView.swift */; };
		AABBDA8F272F7FA00041F67D /* UIView.swift in Sources */ = {isa = PBXBuildFile; fileRef = AABBDA8C272F7F9F0041F67D /* UIView.swift */; };
		AACB0FC7272E14D2000DD615 /* EndPointProvider.swift in Sources */ = {isa = PBXBuildFile; fileRef = AACB0FC6272E14D2000DD615 /* EndPointProvider.swift */; };
		AACB0FC8272E14D2000DD615 /* EndPointProvider.swift in Sources */ = {isa = PBXBuildFile; fileRef = AACB0FC6272E14D2000DD615 /* EndPointProvider.swift */; };
		AACB0FC9272E14D2000DD615 /* EndPointProvider.swift in Sources */ = {isa = PBXBuildFile; fileRef = AACB0FC6272E14D2000DD615 /* EndPointProvider.swift */; };
		AACB0FCB272E14EC000DD615 /* EndPointRequest.swift in Sources */ = {isa = PBXBuildFile; fileRef = AACB0FCA272E14EC000DD615 /* EndPointRequest.swift */; };
		AACB0FCC272E14EC000DD615 /* EndPointRequest.swift in Sources */ = {isa = PBXBuildFile; fileRef = AACB0FCA272E14EC000DD615 /* EndPointRequest.swift */; };
		AACB0FCD272E14EC000DD615 /* EndPointRequest.swift in Sources */ = {isa = PBXBuildFile; fileRef = AACB0FCA272E14EC000DD615 /* EndPointRequest.swift */; };
		AACB0FD0272E1525000DD615 /* ParametersEncoding.swift in Sources */ = {isa = PBXBuildFile; fileRef = AACB0FCF272E1525000DD615 /* ParametersEncoding.swift */; };
		AACB0FD1272E1525000DD615 /* ParametersEncoding.swift in Sources */ = {isa = PBXBuildFile; fileRef = AACB0FCF272E1525000DD615 /* ParametersEncoding.swift */; };
		AACB0FD2272E1525000DD615 /* ParametersEncoding.swift in Sources */ = {isa = PBXBuildFile; fileRef = AACB0FCF272E1525000DD615 /* ParametersEncoding.swift */; };
		AACB0FD5272E154F000DD615 /* JSONEncoding.swift in Sources */ = {isa = PBXBuildFile; fileRef = AACB0FD4272E154F000DD615 /* JSONEncoding.swift */; };
		AACB0FD6272E154F000DD615 /* JSONEncoding.swift in Sources */ = {isa = PBXBuildFile; fileRef = AACB0FD4272E154F000DD615 /* JSONEncoding.swift */; };
		AACB0FD7272E154F000DD615 /* JSONEncoding.swift in Sources */ = {isa = PBXBuildFile; fileRef = AACB0FD4272E154F000DD615 /* JSONEncoding.swift */; };
		AACB0FD9272E1566000DD615 /* URLQueryEncoding.swift in Sources */ = {isa = PBXBuildFile; fileRef = AACB0FD8272E1566000DD615 /* URLQueryEncoding.swift */; };
		AACB0FDA272E1566000DD615 /* URLQueryEncoding.swift in Sources */ = {isa = PBXBuildFile; fileRef = AACB0FD8272E1566000DD615 /* URLQueryEncoding.swift */; };
		AACB0FDB272E1566000DD615 /* URLQueryEncoding.swift in Sources */ = {isa = PBXBuildFile; fileRef = AACB0FD8272E1566000DD615 /* URLQueryEncoding.swift */; };
		AACB0FDE272E36A3000DD615 /* MainAppRoter.swift in Sources */ = {isa = PBXBuildFile; fileRef = AACB0FDD272E36A3000DD615 /* MainAppRoter.swift */; };
		AACB0FDF272E36A3000DD615 /* MainAppRoter.swift in Sources */ = {isa = PBXBuildFile; fileRef = AACB0FDD272E36A3000DD615 /* MainAppRoter.swift */; };
		AACB0FE0272E36A3000DD615 /* MainAppRoter.swift in Sources */ = {isa = PBXBuildFile; fileRef = AACB0FDD272E36A3000DD615 /* MainAppRoter.swift */; };
		AACB0FE4272E3BEC000DD615 /* Configrator.swift in Sources */ = {isa = PBXBuildFile; fileRef = AACB0FE3272E3BEC000DD615 /* Configrator.swift */; };
		AACB0FE5272E3BEC000DD615 /* Configrator.swift in Sources */ = {isa = PBXBuildFile; fileRef = AACB0FE3272E3BEC000DD615 /* Configrator.swift */; };
		AACB0FE6272E3BEC000DD615 /* Configrator.swift in Sources */ = {isa = PBXBuildFile; fileRef = AACB0FE3272E3BEC000DD615 /* Configrator.swift */; };
		AACB0FE8272E3DF3000DD615 /* NewsListingConnfigrator.swift in Sources */ = {isa = PBXBuildFile; fileRef = AACB0FE7272E3DF3000DD615 /* NewsListingConnfigrator.swift */; };
		AACB0FE9272E3DF3000DD615 /* NewsListingConnfigrator.swift in Sources */ = {isa = PBXBuildFile; fileRef = AACB0FE7272E3DF3000DD615 /* NewsListingConnfigrator.swift */; };
		AACB0FEA272E3DF3000DD615 /* NewsListingConnfigrator.swift in Sources */ = {isa = PBXBuildFile; fileRef = AACB0FE7272E3DF3000DD615 /* NewsListingConnfigrator.swift */; };
		AACB0FEE272E3F51000DD615 /* NewsListingPresenter.swift in Sources */ = {isa = PBXBuildFile; fileRef = AACB0FED272E3F51000DD615 /* NewsListingPresenter.swift */; };
		AACB0FEF272E3F51000DD615 /* NewsListingPresenter.swift in Sources */ = {isa = PBXBuildFile; fileRef = AACB0FED272E3F51000DD615 /* NewsListingPresenter.swift */; };
		AACB0FF0272E3F51000DD615 /* NewsListingPresenter.swift in Sources */ = {isa = PBXBuildFile; fileRef = AACB0FED272E3F51000DD615 /* NewsListingPresenter.swift */; };
/* End PBXBuildFile section */

/* Begin PBXContainerItemProxy section */
		AA4BA811272CBDD200110C1D /* PBXContainerItemProxy */ = {
			isa = PBXContainerItemProxy;
			containerPortal = AA4BA7F2272CBDD000110C1D /* Project object */;
			proxyType = 1;
			remoteGlobalIDString = AA4BA7F9272CBDD000110C1D;
			remoteInfo = "News-App";
		};
		AA4BA81B272CBDD200110C1D /* PBXContainerItemProxy */ = {
			isa = PBXContainerItemProxy;
			containerPortal = AA4BA7F2272CBDD000110C1D /* Project object */;
			proxyType = 1;
			remoteGlobalIDString = AA4BA7F9272CBDD000110C1D;
			remoteInfo = "News-App";
		};
/* End PBXContainerItemProxy section */

/* Begin PBXFileReference section */
		AA4BA7FA272CBDD000110C1D /* News-App.app */ = {isa = PBXFileReference; explicitFileType = wrapper.application; includeInIndex = 0; path = "News-App.app"; sourceTree = BUILT_PRODUCTS_DIR; };
		AA4BA7FD272CBDD000110C1D /* AppDelegate.swift */ = {isa = PBXFileReference; lastKnownFileType = sourcecode.swift; path = AppDelegate.swift; sourceTree = "<group>"; };
		AA4BA7FF272CBDD000110C1D /* SceneDelegate.swift */ = {isa = PBXFileReference; lastKnownFileType = sourcecode.swift; path = SceneDelegate.swift; sourceTree = "<group>"; };
		AA4BA804272CBDD000110C1D /* Base */ = {isa = PBXFileReference; lastKnownFileType = file.storyboard; name = Base; path = Base.lproj/NewsListing.storyboard; sourceTree = "<group>"; };
		AA4BA806272CBDD100110C1D /* Assets.xcassets */ = {isa = PBXFileReference; lastKnownFileType = folder.assetcatalog; path = Assets.xcassets; sourceTree = "<group>"; };
		AA4BA809272CBDD100110C1D /* Base */ = {isa = PBXFileReference; lastKnownFileType = file.storyboard; name = Base; path = Base.lproj/LaunchScreen.storyboard; sourceTree = "<group>"; };
		AA4BA80B272CBDD100110C1D /* Info.plist */ = {isa = PBXFileReference; lastKnownFileType = text.plist.xml; path = Info.plist; sourceTree = "<group>"; };
		AA4BA810272CBDD200110C1D /* News-AppTests.xctest */ = {isa = PBXFileReference; explicitFileType = wrapper.cfbundle; includeInIndex = 0; path = "News-AppTests.xctest"; sourceTree = BUILT_PRODUCTS_DIR; };
		AA4BA814272CBDD200110C1D /* News_AppTests.swift */ = {isa = PBXFileReference; lastKnownFileType = sourcecode.swift; path = News_AppTests.swift; sourceTree = "<group>"; };
		AA4BA81A272CBDD200110C1D /* News-AppUITests.xctest */ = {isa = PBXFileReference; explicitFileType = wrapper.cfbundle; includeInIndex = 0; path = "News-AppUITests.xctest"; sourceTree = BUILT_PRODUCTS_DIR; };
		AA4BA81E272CBDD200110C1D /* News_AppUITests.swift */ = {isa = PBXFileReference; lastKnownFileType = sourcecode.swift; path = News_AppUITests.swift; sourceTree = "<group>"; };
		AA4BA820272CBDD200110C1D /* News_AppUITestsLaunchTests.swift */ = {isa = PBXFileReference; lastKnownFileType = sourcecode.swift; path = News_AppUITestsLaunchTests.swift; sourceTree = "<group>"; };
		AA4BA834272CC2CF00110C1D /* StoryBoard.swift */ = {isa = PBXFileReference; lastKnownFileType = sourcecode.swift; path = StoryBoard.swift; sourceTree = "<group>"; };
		AA4BA838272CC3C200110C1D /* UIViewController.swift */ = {isa = PBXFileReference; lastKnownFileType = sourcecode.swift; path = UIViewController.swift; sourceTree = "<group>"; };
		AA4BA83C272CD7AC00110C1D /* NewsListingViewController.swift */ = {isa = PBXFileReference; lastKnownFileType = sourcecode.swift; path = NewsListingViewController.swift; sourceTree = "<group>"; };
		AAAD9BB2272F2700009BD346 /* NewsListingInteractor.swift */ = {isa = PBXFileReference; lastKnownFileType = sourcecode.swift; path = NewsListingInteractor.swift; sourceTree = "<group>"; };
		AAAD9BB7272F2788009BD346 /* NewsListingWorker.swift */ = {isa = PBXFileReference; lastKnownFileType = sourcecode.swift; path = NewsListingWorker.swift; sourceTree = "<group>"; };
		AABBDA7C272F7DEB0041F67D /* NewsTableViewDataSourcee.swift */ = {isa = PBXFileReference; lastKnownFileType = sourcecode.swift; path = NewsTableViewDataSourcee.swift; sourceTree = "<group>"; };
		AABBDA80272F7E010041F67D /* NewsTableViewDelegate.swift */ = {isa = PBXFileReference; lastKnownFileType = sourcecode.swift; path = NewsTableViewDelegate.swift; sourceTree = "<group>"; };
		AABBDA84272F7F120041F67D /* NewsTableViewCell.swift */ = {isa = PBXFileReference; lastKnownFileType = sourcecode.swift; path = NewsTableViewCell.swift; sourceTree = "<group>"; };
		AABBDA85272F7F120041F67D /* NewsTableViewCell.xib */ = {isa = PBXFileReference; lastKnownFileType = file.xib; path = NewsTableViewCell.xib; sourceTree = "<group>"; };
		AABBDA8C272F7F9F0041F67D /* UIView.swift */ = {isa = PBXFileReference; lastKnownFileType = sourcecode.swift; path = UIView.swift; sourceTree = "<group>"; };
		AACB0FC6272E14D2000DD615 /* EndPointProvider.swift */ = {isa = PBXFileReference; lastKnownFileType = sourcecode.swift; path = EndPointProvider.swift; sourceTree = "<group>"; };
		AACB0FCA272E14EC000DD615 /* EndPointRequest.swift */ = {isa = PBXFileReference; lastKnownFileType = sourcecode.swift; path = EndPointRequest.swift; sourceTree = "<group>"; };
		AACB0FCF272E1525000DD615 /* ParametersEncoding.swift */ = {isa = PBXFileReference; lastKnownFileType = sourcecode.swift; path = ParametersEncoding.swift; sourceTree = "<group>"; };
		AACB0FD4272E154F000DD615 /* JSONEncoding.swift */ = {isa = PBXFileReference; lastKnownFileType = sourcecode.swift; path = JSONEncoding.swift; sourceTree = "<group>"; };
		AACB0FD8272E1566000DD615 /* URLQueryEncoding.swift */ = {isa = PBXFileReference; lastKnownFileType = sourcecode.swift; path = URLQueryEncoding.swift; sourceTree = "<group>"; };
		AACB0FDD272E36A3000DD615 /* MainAppRoter.swift */ = {isa = PBXFileReference; lastKnownFileType = sourcecode.swift; path = MainAppRoter.swift; sourceTree = "<group>"; };
		AACB0FE3272E3BEC000DD615 /* Configrator.swift */ = {isa = PBXFileReference; lastKnownFileType = sourcecode.swift; path = Configrator.swift; sourceTree = "<group>"; };
		AACB0FE7272E3DF3000DD615 /* NewsListingConnfigrator.swift */ = {isa = PBXFileReference; lastKnownFileType = sourcecode.swift; path = NewsListingConnfigrator.swift; sourceTree = "<group>"; };
		AACB0FED272E3F51000DD615 /* NewsListingPresenter.swift */ = {isa = PBXFileReference; lastKnownFileType = sourcecode.swift; path = NewsListingPresenter.swift; sourceTree = "<group>"; };
/* End PBXFileReference section */

/* Begin PBXFrameworksBuildPhase section */
		AA4BA7F7272CBDD000110C1D /* Frameworks */ = {
			isa = PBXFrameworksBuildPhase;
			buildActionMask = 2147483647;
			files = (
			);
			runOnlyForDeploymentPostprocessing = 0;
		};
		AA4BA80D272CBDD200110C1D /* Frameworks */ = {
			isa = PBXFrameworksBuildPhase;
			buildActionMask = 2147483647;
			files = (
			);
			runOnlyForDeploymentPostprocessing = 0;
		};
		AA4BA817272CBDD200110C1D /* Frameworks */ = {
			isa = PBXFrameworksBuildPhase;
			buildActionMask = 2147483647;
			files = (
			);
			runOnlyForDeploymentPostprocessing = 0;
		};
/* End PBXFrameworksBuildPhase section */

/* Begin PBXGroup section */
		AA4BA7F1272CBDD000110C1D = {
			isa = PBXGroup;
			children = (
				AA4BA7FC272CBDD000110C1D /* News-App */,
				AA4BA813272CBDD200110C1D /* News-AppTests */,
				AA4BA81D272CBDD200110C1D /* News-AppUITests */,
				AA4BA7FB272CBDD000110C1D /* Products */,
			);
			sourceTree = "<group>";
		};
		AA4BA7FB272CBDD000110C1D /* Products */ = {
			isa = PBXGroup;
			children = (
				AA4BA7FA272CBDD000110C1D /* News-App.app */,
				AA4BA810272CBDD200110C1D /* News-AppTests.xctest */,
				AA4BA81A272CBDD200110C1D /* News-AppUITests.xctest */,
			);
			name = Products;
			sourceTree = "<group>";
		};
		AA4BA7FC272CBDD000110C1D /* News-App */ = {
			isa = PBXGroup;
			children = (
				AA4BA830272CBFE800110C1D /* Screens */,
				AA4BA82F272CBFD100110C1D /* Foundation */,
				AA4BA82D272CBF9A00110C1D /* App assets */,
			);
			path = "News-App";
			sourceTree = "<group>";
		};
		AA4BA813272CBDD200110C1D /* News-AppTests */ = {
			isa = PBXGroup;
			children = (
				AA4BA814272CBDD200110C1D /* News_AppTests.swift */,
			);
			path = "News-AppTests";
			sourceTree = "<group>";
		};
		AA4BA81D272CBDD200110C1D /* News-AppUITests */ = {
			isa = PBXGroup;
			children = (
				AA4BA81E272CBDD200110C1D /* News_AppUITests.swift */,
				AA4BA820272CBDD200110C1D /* News_AppUITestsLaunchTests.swift */,
			);
			path = "News-AppUITests";
			sourceTree = "<group>";
		};
		AA4BA82D272CBF9A00110C1D /* App assets */ = {
			isa = PBXGroup;
			children = (
				AA4BA808272CBDD100110C1D /* LaunchScreen.storyboard */,
				AA4BA7FD272CBDD000110C1D /* AppDelegate.swift */,
				AA4BA7FF272CBDD000110C1D /* SceneDelegate.swift */,
				AA4BA806272CBDD100110C1D /* Assets.xcassets */,
				AA4BA80B272CBDD100110C1D /* Info.plist */,
			);
			path = "App assets";
			sourceTree = "<group>";
		};
		AA4BA82F272CBFD100110C1D /* Foundation */ = {
			isa = PBXGroup;
			children = (
				AAAD9BB6272F276D009BD346 /* Workers */,
				AACB0FE2272E3BDF000DD615 /* View */,
				AACB0FDC272E356B000DD615 /* Main app router */,
				AACB0FC4272E1462000DD615 /* Networking */,
				AA4BA833272CC2B000110C1D /* Extensions */,
			);
			path = Foundation;
			sourceTree = "<group>";
		};
		AA4BA830272CBFE800110C1D /* Screens */ = {
			isa = PBXGroup;
			children = (
				AA4BA831272CC06100110C1D /* News listing */,
			);
			path = Screens;
			sourceTree = "<group>";
		};
		AA4BA831272CC06100110C1D /* News listing */ = {
			isa = PBXGroup;
			children = (
				AAAD9BB1272F26DE009BD346 /* Interactor */,
				AACB0FEC272E3F41000DD615 /* Presenter */,
				AACB0FE1272E3B9A000DD615 /* Configrator */,
				AA4BA832272CC06C00110C1D /* View */,
			);
			path = "News listing";
			sourceTree = "<group>";
		};
		AA4BA832272CC06C00110C1D /* View */ = {
			isa = PBXGroup;
			children = (
				AABBDA7B272F72B60041F67D /* Delegates */,
				AABBDA7A272F3F410041F67D /* View controller */,
				AABBDA79272F3F380041F67D /* Cells */,
				AABBDA78272F3F1C0041F67D /* StoryBoards */,
				AABBDA77272F3F120041F67D /* SubViews */,
			);
			path = View;
			sourceTree = "<group>";
		};
		AA4BA833272CC2B000110C1D /* Extensions */ = {
			isa = PBXGroup;
			children = (
				AA4BA834272CC2CF00110C1D /* StoryBoard.swift */,
				AA4BA838272CC3C200110C1D /* UIViewController.swift */,
				AABBDA8C272F7F9F0041F67D /* UIView.swift */,
			);
			path = Extensions;
			sourceTree = "<group>";
		};
		AAAD9BB1272F26DE009BD346 /* Interactor */ = {
			isa = PBXGroup;
			children = (
				AAAD9BB2272F2700009BD346 /* NewsListingInteractor.swift */,
			);
			path = Interactor;
			sourceTree = "<group>";
		};
		AAAD9BB6272F276D009BD346 /* Workers */ = {
			isa = PBXGroup;
			children = (
				AAAD9BB7272F2788009BD346 /* NewsListingWorker.swift */,
			);
			path = Workers;
			sourceTree = "<group>";
		};
		AABBDA77272F3F120041F67D /* SubViews */ = {
			isa = PBXGroup;
			children = (
			);
			path = SubViews;
			sourceTree = "<group>";
		};
		AABBDA78272F3F1C0041F67D /* StoryBoards */ = {
			isa = PBXGroup;
			children = (
				AA4BA803272CBDD000110C1D /* NewsListing.storyboard */,
			);
			path = StoryBoards;
			sourceTree = "<group>";
		};
		AABBDA79272F3F380041F67D /* Cells */ = {
			isa = PBXGroup;
			children = (
				AABBDA84272F7F120041F67D /* NewsTableViewCell.swift */,
				AABBDA85272F7F120041F67D /* NewsTableViewCell.xib */,
			);
			path = Cells;
			sourceTree = "<group>";
		};
		AABBDA7A272F3F410041F67D /* View controller */ = {
			isa = PBXGroup;
			children = (
				AA4BA83C272CD7AC00110C1D /* NewsListingViewController.swift */,
			);
			path = "View controller";
			sourceTree = "<group>";
		};
		AABBDA7B272F72B60041F67D /* Delegates */ = {
			isa = PBXGroup;
			children = (
				AABBDA7C272F7DEB0041F67D /* NewsTableViewDataSourcee.swift */,
				AABBDA80272F7E010041F67D /* NewsTableViewDelegate.swift */,
			);
			path = Delegates;
			sourceTree = "<group>";
		};
		AACB0FC4272E1462000DD615 /* Networking */ = {
			isa = PBXGroup;
			children = (
				AACB0FC5272E14B3000DD615 /* Core */,
			);
			path = Networking;
			sourceTree = "<group>";
		};
		AACB0FC5272E14B3000DD615 /* Core */ = {
			isa = PBXGroup;
			children = (
				AACB0FCE272E1514000DD615 /* ParametersEncoding */,
				AACB0FC6272E14D2000DD615 /* EndPointProvider.swift */,
				AACB0FCA272E14EC000DD615 /* EndPointRequest.swift */,
			);
			path = Core;
			sourceTree = "<group>";
		};
		AACB0FCE272E1514000DD615 /* ParametersEncoding */ = {
			isa = PBXGroup;
			children = (
				AACB0FCF272E1525000DD615 /* ParametersEncoding.swift */,
				AACB0FD3272E1538000DD615 /* EncodingTypes */,
			);
			path = ParametersEncoding;
			sourceTree = "<group>";
		};
		AACB0FD3272E1538000DD615 /* EncodingTypes */ = {
			isa = PBXGroup;
			children = (
				AACB0FD4272E154F000DD615 /* JSONEncoding.swift */,
				AACB0FD8272E1566000DD615 /* URLQueryEncoding.swift */,
			);
			path = EncodingTypes;
			sourceTree = "<group>";
		};
		AACB0FDC272E356B000DD615 /* Main app router */ = {
			isa = PBXGroup;
			children = (
				AACB0FDD272E36A3000DD615 /* MainAppRoter.swift */,
			);
			path = "Main app router";
			sourceTree = "<group>";
		};
		AACB0FE1272E3B9A000DD615 /* Configrator */ = {
			isa = PBXGroup;
			children = (
				AACB0FE7272E3DF3000DD615 /* NewsListingConnfigrator.swift */,
			);
			path = Configrator;
			sourceTree = "<group>";
		};
		AACB0FE2272E3BDF000DD615 /* View */ = {
			isa = PBXGroup;
			children = (
				AACB0FE3272E3BEC000DD615 /* Configrator.swift */,
			);
			path = View;
			sourceTree = "<group>";
		};
		AACB0FEC272E3F41000DD615 /* Presenter */ = {
			isa = PBXGroup;
			children = (
				AACB0FED272E3F51000DD615 /* NewsListingPresenter.swift */,
			);
			path = Presenter;
			sourceTree = "<group>";
		};
/* End PBXGroup section */

/* Begin PBXNativeTarget section */
		AA4BA7F9272CBDD000110C1D /* News-App */ = {
			isa = PBXNativeTarget;
			buildConfigurationList = AA4BA824272CBDD200110C1D /* Build configuration list for PBXNativeTarget "News-App" */;
			buildPhases = (
				AA4BA7F6272CBDD000110C1D /* Sources */,
				AA4BA7F7272CBDD000110C1D /* Frameworks */,
				AA4BA7F8272CBDD000110C1D /* Resources */,
			);
			buildRules = (
			);
			dependencies = (
			);
			name = "News-App";
			productName = "News-App";
			productReference = AA4BA7FA272CBDD000110C1D /* News-App.app */;
			productType = "com.apple.product-type.application";
		};
		AA4BA80F272CBDD200110C1D /* News-AppTests */ = {
			isa = PBXNativeTarget;
			buildConfigurationList = AA4BA827272CBDD200110C1D /* Build configuration list for PBXNativeTarget "News-AppTests" */;
			buildPhases = (
				AA4BA80C272CBDD200110C1D /* Sources */,
				AA4BA80D272CBDD200110C1D /* Frameworks */,
				AA4BA80E272CBDD200110C1D /* Resources */,
			);
			buildRules = (
			);
			dependencies = (
				AA4BA812272CBDD200110C1D /* PBXTargetDependency */,
			);
			name = "News-AppTests";
			productName = "News-AppTests";
			productReference = AA4BA810272CBDD200110C1D /* News-AppTests.xctest */;
			productType = "com.apple.product-type.bundle.unit-test";
		};
		AA4BA819272CBDD200110C1D /* News-AppUITests */ = {
			isa = PBXNativeTarget;
			buildConfigurationList = AA4BA82A272CBDD200110C1D /* Build configuration list for PBXNativeTarget "News-AppUITests" */;
			buildPhases = (
				AA4BA816272CBDD200110C1D /* Sources */,
				AA4BA817272CBDD200110C1D /* Frameworks */,
				AA4BA818272CBDD200110C1D /* Resources */,
			);
			buildRules = (
			);
			dependencies = (
				AA4BA81C272CBDD200110C1D /* PBXTargetDependency */,
			);
			name = "News-AppUITests";
			productName = "News-AppUITests";
			productReference = AA4BA81A272CBDD200110C1D /* News-AppUITests.xctest */;
			productType = "com.apple.product-type.bundle.ui-testing";
		};
/* End PBXNativeTarget section */

/* Begin PBXProject section */
		AA4BA7F2272CBDD000110C1D /* Project object */ = {
			isa = PBXProject;
			attributes = {
				BuildIndependentTargetsInParallel = 1;
				LastSwiftUpdateCheck = 1300;
				LastUpgradeCheck = 1300;
				TargetAttributes = {
					AA4BA7F9272CBDD000110C1D = {
						CreatedOnToolsVersion = 13.0;
					};
					AA4BA80F272CBDD200110C1D = {
						CreatedOnToolsVersion = 13.0;
						TestTargetID = AA4BA7F9272CBDD000110C1D;
					};
					AA4BA819272CBDD200110C1D = {
						CreatedOnToolsVersion = 13.0;
						TestTargetID = AA4BA7F9272CBDD000110C1D;
					};
				};
			};
			buildConfigurationList = AA4BA7F5272CBDD000110C1D /* Build configuration list for PBXProject "News-App" */;
			compatibilityVersion = "Xcode 13.0";
			developmentRegion = en;
			hasScannedForEncodings = 0;
			knownRegions = (
				en,
				Base,
			);
			mainGroup = AA4BA7F1272CBDD000110C1D;
			productRefGroup = AA4BA7FB272CBDD000110C1D /* Products */;
			projectDirPath = "";
			projectRoot = "";
			targets = (
				AA4BA7F9272CBDD000110C1D /* News-App */,
				AA4BA80F272CBDD200110C1D /* News-AppTests */,
				AA4BA819272CBDD200110C1D /* News-AppUITests */,
			);
		};
/* End PBXProject section */

/* Begin PBXResourcesBuildPhase section */
		AA4BA7F8272CBDD000110C1D /* Resources */ = {
			isa = PBXResourcesBuildPhase;
			buildActionMask = 2147483647;
			files = (
				AA4BA80A272CBDD100110C1D /* LaunchScreen.storyboard in Resources */,
				AA4BA807272CBDD100110C1D /* Assets.xcassets in Resources */,
				AABBDA89272F7F120041F67D /* NewsTableViewCell.xib in Resources */,
				AA4BA805272CBDD000110C1D /* NewsListing.storyboard in Resources */,
			);
			runOnlyForDeploymentPostprocessing = 0;
		};
		AA4BA80E272CBDD200110C1D /* Resources */ = {
			isa = PBXResourcesBuildPhase;
			buildActionMask = 2147483647;
			files = (
				AABBDA8A272F7F120041F67D /* NewsTableViewCell.xib in Resources */,
			);
			runOnlyForDeploymentPostprocessing = 0;
		};
		AA4BA818272CBDD200110C1D /* Resources */ = {
			isa = PBXResourcesBuildPhase;
			buildActionMask = 2147483647;
			files = (
				AABBDA8B272F7F120041F67D /* NewsTableViewCell.xib in Resources */,
			);
			runOnlyForDeploymentPostprocessing = 0;
		};
/* End PBXResourcesBuildPhase section */

/* Begin PBXSourcesBuildPhase section */
		AA4BA7F6272CBDD000110C1D /* Sources */ = {
			isa = PBXSourcesBuildPhase;
			buildActionMask = 2147483647;
			files = (
				AABBDA8D272F7F9F0041F67D /* UIView.swift in Sources */,
				AABBDA7D272F7DEB0041F67D /* NewsTableViewDataSourcee.swift in Sources */,
				AABBDA81272F7E010041F67D /* NewsTableViewDelegate.swift in Sources */,
				AACB0FEE272E3F51000DD615 /* NewsListingPresenter.swift in Sources */,
				AA4BA7FE272CBDD000110C1D /* AppDelegate.swift in Sources */,
				AA4BA835272CC2CF00110C1D /* StoryBoard.swift in Sources */,
				AAAD9BB8272F2788009BD346 /* NewsListingWorker.swift in Sources */,
				AACB0FDE272E36A3000DD615 /* MainAppRoter.swift in Sources */,
				AA4BA83D272CD7AC00110C1D /* NewsListingViewController.swift in Sources */,
				AACB0FC7272E14D2000DD615 /* EndPointProvider.swift in Sources */,
				AA4BA839272CC3C200110C1D /* UIViewController.swift in Sources */,
				AACB0FD5272E154F000DD615 /* JSONEncoding.swift in Sources */,
				AA4BA800272CBDD000110C1D /* SceneDelegate.swift in Sources */,
				AACB0FE8272E3DF3000DD615 /* NewsListingConnfigrator.swift in Sources */,
				AACB0FD0272E1525000DD615 /* ParametersEncoding.swift in Sources */,
				AACB0FCB272E14EC000DD615 /* EndPointRequest.swift in Sources */,
				AACB0FE4272E3BEC000DD615 /* Configrator.swift in Sources */,
				AAAD9BB3272F2700009BD346 /* NewsListingInteractor.swift in Sources */,
				AACB0FD9272E1566000DD615 /* URLQueryEncoding.swift in Sources */,
				AABBDA86272F7F120041F67D /* NewsTableViewCell.swift in Sources */,
			);
			runOnlyForDeploymentPostprocessing = 0;
		};
		AA4BA80C272CBDD200110C1D /* Sources */ = {
			isa = PBXSourcesBuildPhase;
			buildActionMask = 2147483647;
			files = (
				AACB0FCC272E14EC000DD615 /* EndPointRequest.swift in Sources */,
				AACB0FDF272E36A3000DD615 /* MainAppRoter.swift in Sources */,
				AA4BA83E272CD7AC00110C1D /* NewsListingViewController.swift in Sources */,
				AACB0FD1272E1525000DD615 /* ParametersEncoding.swift in Sources */,
				AACB0FDA272E1566000DD615 /* URLQueryEncoding.swift in Sources */,
				AACB0FC8272E14D2000DD615 /* EndPointProvider.swift in Sources */,
				AAAD9BB4272F2700009BD346 /* NewsListingInteractor.swift in Sources */,
				AA4BA836272CC2CF00110C1D /* StoryBoard.swift in Sources */,
				AABBDA87272F7F120041F67D /* NewsTableViewCell.swift in Sources */,
				AACB0FE9272E3DF3000DD615 /* NewsListingConnfigrator.swift in Sources */,
				AABBDA7E272F7DEB0041F67D /* NewsTableViewDataSourcee.swift in Sources */,
				AA4BA815272CBDD200110C1D /* News_AppTests.swift in Sources */,
				AAAD9BB9272F2788009BD346 /* NewsListingWorker.swift in Sources */,
				AABBDA8E272F7F9F0041F67D /* UIView.swift in Sources */,
				AACB0FE5272E3BEC000DD615 /* Configrator.swift in Sources */,
				AACB0FD6272E154F000DD615 /* JSONEncoding.swift in Sources */,
				AABBDA82272F7E010041F67D /* NewsTableViewDelegate.swift in Sources */,
				AACB0FEF272E3F51000DD615 /* NewsListingPresenter.swift in Sources */,
				AA4BA83A272CC3C200110C1D /* UIViewController.swift in Sources */,
			);
			runOnlyForDeploymentPostprocessing = 0;
		};
		AA4BA816272CBDD200110C1D /* Sources */ = {
			isa = PBXSourcesBuildPhase;
			buildActionMask = 2147483647;
			files = (
				AABBDA8F272F7FA00041F67D /* UIView.swift in Sources */,
				AABBDA7F272F7DEB0041F67D /* NewsTableViewDataSourcee.swift in Sources */,
				AABBDA83272F7E010041F67D /* NewsTableViewDelegate.swift in Sources */,
				AACB0FF0272E3F51000DD615 /* NewsListingPresenter.swift in Sources */,
				AA4BA821272CBDD200110C1D /* News_AppUITestsLaunchTests.swift in Sources */,
				AA4BA837272CC2CF00110C1D /* StoryBoard.swift in Sources */,
				AAAD9BBA272F2788009BD346 /* NewsListingWorker.swift in Sources */,
				AACB0FE0272E36A3000DD615 /* MainAppRoter.swift in Sources */,
				AA4BA83F272CD7AC00110C1D /* NewsListingViewController.swift in Sources */,
				AACB0FC9272E14D2000DD615 /* EndPointProvider.swift in Sources */,
				AA4BA83B272CC3C200110C1D /* UIViewController.swift in Sources */,
				AACB0FD7272E154F000DD615 /* JSONEncoding.swift in Sources */,
				AA4BA81F272CBDD200110C1D /* News_AppUITests.swift in Sources */,
				AACB0FEA272E3DF3000DD615 /* NewsListingConnfigrator.swift in Sources */,
				AACB0FD2272E1525000DD615 /* ParametersEncoding.swift in Sources */,
				AACB0FCD272E14EC000DD615 /* EndPointRequest.swift in Sources */,
				AACB0FE6272E3BEC000DD615 /* Configrator.swift in Sources */,
				AAAD9BB5272F2700009BD346 /* NewsListingInteractor.swift in Sources */,
				AACB0FDB272E1566000DD615 /* URLQueryEncoding.swift in Sources */,
				AABBDA88272F7F120041F67D /* NewsTableViewCell.swift in Sources */,
			);
			runOnlyForDeploymentPostprocessing = 0;
		};
/* End PBXSourcesBuildPhase section */

/* Begin PBXTargetDependency section */
		AA4BA812272CBDD200110C1D /* PBXTargetDependency */ = {
			isa = PBXTargetDependency;
			target = AA4BA7F9272CBDD000110C1D /* News-App */;
			targetProxy = AA4BA811272CBDD200110C1D /* PBXContainerItemProxy */;
		};
		AA4BA81C272CBDD200110C1D /* PBXTargetDependency */ = {
			isa = PBXTargetDependency;
			target = AA4BA7F9272CBDD000110C1D /* News-App */;
			targetProxy = AA4BA81B272CBDD200110C1D /* PBXContainerItemProxy */;
		};
/* End PBXTargetDependency section */

/* Begin PBXVariantGroup section */
		AA4BA803272CBDD000110C1D /* NewsListing.storyboard */ = {
			isa = PBXVariantGroup;
			children = (
				AA4BA804272CBDD000110C1D /* Base */,
			);
			name = NewsListing.storyboard;
			sourceTree = "<group>";
		};
		AA4BA808272CBDD100110C1D /* LaunchScreen.storyboard */ = {
			isa = PBXVariantGroup;
			children = (
				AA4BA809272CBDD100110C1D /* Base */,
			);
			name = LaunchScreen.storyboard;
			sourceTree = "<group>";
		};
/* End PBXVariantGroup section */

/* Begin XCBuildConfiguration section */
		AA4BA822272CBDD200110C1D /* Debug */ = {
			isa = XCBuildConfiguration;
			buildSettings = {
				ALWAYS_SEARCH_USER_PATHS = NO;
				CLANG_ANALYZER_NONNULL = YES;
				CLANG_ANALYZER_NUMBER_OBJECT_CONVERSION = YES_AGGRESSIVE;
				CLANG_CXX_LANGUAGE_STANDARD = "gnu++17";
				CLANG_CXX_LIBRARY = "libc++";
				CLANG_ENABLE_MODULES = YES;
				CLANG_ENABLE_OBJC_ARC = YES;
				CLANG_ENABLE_OBJC_WEAK = YES;
				CLANG_WARN_BLOCK_CAPTURE_AUTORELEASING = YES;
				CLANG_WARN_BOOL_CONVERSION = YES;
				CLANG_WARN_COMMA = YES;
				CLANG_WARN_CONSTANT_CONVERSION = YES;
				CLANG_WARN_DEPRECATED_OBJC_IMPLEMENTATIONS = YES;
				CLANG_WARN_DIRECT_OBJC_ISA_USAGE = YES_ERROR;
				CLANG_WARN_DOCUMENTATION_COMMENTS = YES;
				CLANG_WARN_EMPTY_BODY = YES;
				CLANG_WARN_ENUM_CONVERSION = YES;
				CLANG_WARN_INFINITE_RECURSION = YES;
				CLANG_WARN_INT_CONVERSION = YES;
				CLANG_WARN_NON_LITERAL_NULL_CONVERSION = YES;
				CLANG_WARN_OBJC_IMPLICIT_RETAIN_SELF = YES;
				CLANG_WARN_OBJC_LITERAL_CONVERSION = YES;
				CLANG_WARN_OBJC_ROOT_CLASS = YES_ERROR;
				CLANG_WARN_QUOTED_INCLUDE_IN_FRAMEWORK_HEADER = YES;
				CLANG_WARN_RANGE_LOOP_ANALYSIS = YES;
				CLANG_WARN_STRICT_PROTOTYPES = YES;
				CLANG_WARN_SUSPICIOUS_MOVE = YES;
				CLANG_WARN_UNGUARDED_AVAILABILITY = YES_AGGRESSIVE;
				CLANG_WARN_UNREACHABLE_CODE = YES;
				CLANG_WARN__DUPLICATE_METHOD_MATCH = YES;
				COPY_PHASE_STRIP = NO;
				DEBUG_INFORMATION_FORMAT = dwarf;
				ENABLE_STRICT_OBJC_MSGSEND = YES;
				ENABLE_TESTABILITY = YES;
				GCC_C_LANGUAGE_STANDARD = gnu11;
				GCC_DYNAMIC_NO_PIC = NO;
				GCC_NO_COMMON_BLOCKS = YES;
				GCC_OPTIMIZATION_LEVEL = 0;
				GCC_PREPROCESSOR_DEFINITIONS = (
					"DEBUG=1",
					"$(inherited)",
				);
				GCC_WARN_64_TO_32_BIT_CONVERSION = YES;
				GCC_WARN_ABOUT_RETURN_TYPE = YES_ERROR;
				GCC_WARN_UNDECLARED_SELECTOR = YES;
				GCC_WARN_UNINITIALIZED_AUTOS = YES_AGGRESSIVE;
				GCC_WARN_UNUSED_FUNCTION = YES;
				GCC_WARN_UNUSED_VARIABLE = YES;
				IPHONEOS_DEPLOYMENT_TARGET = 15.0;
				MTL_ENABLE_DEBUG_INFO = INCLUDE_SOURCE;
				MTL_FAST_MATH = YES;
				ONLY_ACTIVE_ARCH = YES;
				SDKROOT = iphoneos;
				SWIFT_ACTIVE_COMPILATION_CONDITIONS = DEBUG;
				SWIFT_OPTIMIZATION_LEVEL = "-Onone";
			};
			name = Debug;
		};
		AA4BA823272CBDD200110C1D /* Release */ = {
			isa = XCBuildConfiguration;
			buildSettings = {
				ALWAYS_SEARCH_USER_PATHS = NO;
				CLANG_ANALYZER_NONNULL = YES;
				CLANG_ANALYZER_NUMBER_OBJECT_CONVERSION = YES_AGGRESSIVE;
				CLANG_CXX_LANGUAGE_STANDARD = "gnu++17";
				CLANG_CXX_LIBRARY = "libc++";
				CLANG_ENABLE_MODULES = YES;
				CLANG_ENABLE_OBJC_ARC = YES;
				CLANG_ENABLE_OBJC_WEAK = YES;
				CLANG_WARN_BLOCK_CAPTURE_AUTORELEASING = YES;
				CLANG_WARN_BOOL_CONVERSION = YES;
				CLANG_WARN_COMMA = YES;
				CLANG_WARN_CONSTANT_CONVERSION = YES;
				CLANG_WARN_DEPRECATED_OBJC_IMPLEMENTATIONS = YES;
				CLANG_WARN_DIRECT_OBJC_ISA_USAGE = YES_ERROR;
				CLANG_WARN_DOCUMENTATION_COMMENTS = YES;
				CLANG_WARN_EMPTY_BODY = YES;
				CLANG_WARN_ENUM_CONVERSION = YES;
				CLANG_WARN_INFINITE_RECURSION = YES;
				CLANG_WARN_INT_CONVERSION = YES;
				CLANG_WARN_NON_LITERAL_NULL_CONVERSION = YES;
				CLANG_WARN_OBJC_IMPLICIT_RETAIN_SELF = YES;
				CLANG_WARN_OBJC_LITERAL_CONVERSION = YES;
				CLANG_WARN_OBJC_ROOT_CLASS = YES_ERROR;
				CLANG_WARN_QUOTED_INCLUDE_IN_FRAMEWORK_HEADER = YES;
				CLANG_WARN_RANGE_LOOP_ANALYSIS = YES;
				CLANG_WARN_STRICT_PROTOTYPES = YES;
				CLANG_WARN_SUSPICIOUS_MOVE = YES;
				CLANG_WARN_UNGUARDED_AVAILABILITY = YES_AGGRESSIVE;
				CLANG_WARN_UNREACHABLE_CODE = YES;
				CLANG_WARN__DUPLICATE_METHOD_MATCH = YES;
				COPY_PHASE_STRIP = NO;
				DEBUG_INFORMATION_FORMAT = "dwarf-with-dsym";
				ENABLE_NS_ASSERTIONS = NO;
				ENABLE_STRICT_OBJC_MSGSEND = YES;
				GCC_C_LANGUAGE_STANDARD = gnu11;
				GCC_NO_COMMON_BLOCKS = YES;
				GCC_WARN_64_TO_32_BIT_CONVERSION = YES;
				GCC_WARN_ABOUT_RETURN_TYPE = YES_ERROR;
				GCC_WARN_UNDECLARED_SELECTOR = YES;
				GCC_WARN_UNINITIALIZED_AUTOS = YES_AGGRESSIVE;
				GCC_WARN_UNUSED_FUNCTION = YES;
				GCC_WARN_UNUSED_VARIABLE = YES;
				IPHONEOS_DEPLOYMENT_TARGET = 15.0;
				MTL_ENABLE_DEBUG_INFO = NO;
				MTL_FAST_MATH = YES;
				SDKROOT = iphoneos;
				SWIFT_COMPILATION_MODE = wholemodule;
				SWIFT_OPTIMIZATION_LEVEL = "-O";
				VALIDATE_PRODUCT = YES;
			};
			name = Release;
		};
		AA4BA825272CBDD200110C1D /* Debug */ = {
			isa = XCBuildConfiguration;
			buildSettings = {
				ASSETCATALOG_COMPILER_APPICON_NAME = AppIcon;
				ASSETCATALOG_COMPILER_GLOBAL_ACCENT_COLOR_NAME = AccentColor;
				CODE_SIGN_STYLE = Automatic;
				CURRENT_PROJECT_VERSION = 1;
				GENERATE_INFOPLIST_FILE = YES;
				INFOPLIST_FILE = "News-App/App assets/Info.plist";
				INFOPLIST_KEY_UIApplicationSupportsIndirectInputEvents = YES;
				INFOPLIST_KEY_UILaunchStoryboardName = LaunchScreen;
				INFOPLIST_KEY_UIMainStoryboardFile = "";
				INFOPLIST_KEY_UISupportedInterfaceOrientations_iPad = "UIInterfaceOrientationPortrait UIInterfaceOrientationPortraitUpsideDown UIInterfaceOrientationLandscapeLeft UIInterfaceOrientationLandscapeRight";
				INFOPLIST_KEY_UISupportedInterfaceOrientations_iPhone = "UIInterfaceOrientationPortrait UIInterfaceOrientationLandscapeLeft UIInterfaceOrientationLandscapeRight";
				LD_RUNPATH_SEARCH_PATHS = (
					"$(inherited)",
					"@executable_path/Frameworks",
				);
				MARKETING_VERSION = 1.0;
				PRODUCT_BUNDLE_IDENTIFIER = "com.Sherif.News-App";
				PRODUCT_NAME = "$(TARGET_NAME)";
				SWIFT_EMIT_LOC_STRINGS = YES;
				SWIFT_VERSION = 5.0;
				TARGETED_DEVICE_FAMILY = "1,2";
			};
			name = Debug;
		};
		AA4BA826272CBDD200110C1D /* Release */ = {
			isa = XCBuildConfiguration;
			buildSettings = {
				ASSETCATALOG_COMPILER_APPICON_NAME = AppIcon;
				ASSETCATALOG_COMPILER_GLOBAL_ACCENT_COLOR_NAME = AccentColor;
				CODE_SIGN_STYLE = Automatic;
				CURRENT_PROJECT_VERSION = 1;
				GENERATE_INFOPLIST_FILE = YES;
				INFOPLIST_FILE = "News-App/App assets/Info.plist";
				INFOPLIST_KEY_UIApplicationSupportsIndirectInputEvents = YES;
				INFOPLIST_KEY_UILaunchStoryboardName = LaunchScreen;
				INFOPLIST_KEY_UIMainStoryboardFile = "";
				INFOPLIST_KEY_UISupportedInterfaceOrientations_iPad = "UIInterfaceOrientationPortrait UIInterfaceOrientationPortraitUpsideDown UIInterfaceOrientationLandscapeLeft UIInterfaceOrientationLandscapeRight";
				INFOPLIST_KEY_UISupportedInterfaceOrientations_iPhone = "UIInterfaceOrientationPortrait UIInterfaceOrientationLandscapeLeft UIInterfaceOrientationLandscapeRight";
				LD_RUNPATH_SEARCH_PATHS = (
					"$(inherited)",
					"@executable_path/Frameworks",
				);
				MARKETING_VERSION = 1.0;
				PRODUCT_BUNDLE_IDENTIFIER = "com.Sherif.News-App";
				PRODUCT_NAME = "$(TARGET_NAME)";
				SWIFT_EMIT_LOC_STRINGS = YES;
				SWIFT_VERSION = 5.0;
				TARGETED_DEVICE_FAMILY = "1,2";
			};
			name = Release;
		};
		AA4BA828272CBDD200110C1D /* Debug */ = {
			isa = XCBuildConfiguration;
			buildSettings = {
				ALWAYS_EMBED_SWIFT_STANDARD_LIBRARIES = YES;
				BUNDLE_LOADER = "$(TEST_HOST)";
				CODE_SIGN_STYLE = Automatic;
				CURRENT_PROJECT_VERSION = 1;
				GENERATE_INFOPLIST_FILE = YES;
				IPHONEOS_DEPLOYMENT_TARGET = 15.0;
				LD_RUNPATH_SEARCH_PATHS = (
					"$(inherited)",
					"@executable_path/Frameworks",
					"@loader_path/Frameworks",
				);
				MARKETING_VERSION = 1.0;
				PRODUCT_BUNDLE_IDENTIFIER = "com.Sherif.News-AppTests";
				PRODUCT_NAME = "$(TARGET_NAME)";
				SWIFT_EMIT_LOC_STRINGS = NO;
				SWIFT_VERSION = 5.0;
				TARGETED_DEVICE_FAMILY = "1,2";
				TEST_HOST = "$(BUILT_PRODUCTS_DIR)/News-App.app/News-App";
			};
			name = Debug;
		};
		AA4BA829272CBDD200110C1D /* Release */ = {
			isa = XCBuildConfiguration;
			buildSettings = {
				ALWAYS_EMBED_SWIFT_STANDARD_LIBRARIES = YES;
				BUNDLE_LOADER = "$(TEST_HOST)";
				CODE_SIGN_STYLE = Automatic;
				CURRENT_PROJECT_VERSION = 1;
				GENERATE_INFOPLIST_FILE = YES;
				IPHONEOS_DEPLOYMENT_TARGET = 15.0;
				LD_RUNPATH_SEARCH_PATHS = (
					"$(inherited)",
					"@executable_path/Frameworks",
					"@loader_path/Frameworks",
				);
				MARKETING_VERSION = 1.0;
				PRODUCT_BUNDLE_IDENTIFIER = "com.Sherif.News-AppTests";
				PRODUCT_NAME = "$(TARGET_NAME)";
				SWIFT_EMIT_LOC_STRINGS = NO;
				SWIFT_VERSION = 5.0;
				TARGETED_DEVICE_FAMILY = "1,2";
				TEST_HOST = "$(BUILT_PRODUCTS_DIR)/News-App.app/News-App";
			};
			name = Release;
		};
		AA4BA82B272CBDD200110C1D /* Debug */ = {
			isa = XCBuildConfiguration;
			buildSettings = {
				ALWAYS_EMBED_SWIFT_STANDARD_LIBRARIES = YES;
				CODE_SIGN_STYLE = Automatic;
				CURRENT_PROJECT_VERSION = 1;
				GENERATE_INFOPLIST_FILE = YES;
				LD_RUNPATH_SEARCH_PATHS = (
					"$(inherited)",
					"@executable_path/Frameworks",
					"@loader_path/Frameworks",
				);
				MARKETING_VERSION = 1.0;
				PRODUCT_BUNDLE_IDENTIFIER = "com.Sherif.News-AppUITests";
				PRODUCT_NAME = "$(TARGET_NAME)";
				SWIFT_EMIT_LOC_STRINGS = NO;
				SWIFT_VERSION = 5.0;
				TARGETED_DEVICE_FAMILY = "1,2";
				TEST_TARGET_NAME = "News-App";
			};
			name = Debug;
		};
		AA4BA82C272CBDD200110C1D /* Release */ = {
			isa = XCBuildConfiguration;
			buildSettings = {
				ALWAYS_EMBED_SWIFT_STANDARD_LIBRARIES = YES;
				CODE_SIGN_STYLE = Automatic;
				CURRENT_PROJECT_VERSION = 1;
				GENERATE_INFOPLIST_FILE = YES;
				LD_RUNPATH_SEARCH_PATHS = (
					"$(inherited)",
					"@executable_path/Frameworks",
					"@loader_path/Frameworks",
				);
				MARKETING_VERSION = 1.0;
				PRODUCT_BUNDLE_IDENTIFIER = "com.Sherif.News-AppUITests";
				PRODUCT_NAME = "$(TARGET_NAME)";
				SWIFT_EMIT_LOC_STRINGS = NO;
				SWIFT_VERSION = 5.0;
				TARGETED_DEVICE_FAMILY = "1,2";
				TEST_TARGET_NAME = "News-App";
			};
			name = Release;
		};
/* End XCBuildConfiguration section */

/* Begin XCConfigurationList section */
		AA4BA7F5272CBDD000110C1D /* Build configuration list for PBXProject "News-App" */ = {
			isa = XCConfigurationList;
			buildConfigurations = (
				AA4BA822272CBDD200110C1D /* Debug */,
				AA4BA823272CBDD200110C1D /* Release */,
			);
			defaultConfigurationIsVisible = 0;
			defaultConfigurationName = Release;
		};
		AA4BA824272CBDD200110C1D /* Build configuration list for PBXNativeTarget "News-App" */ = {
			isa = XCConfigurationList;
			buildConfigurations = (
				AA4BA825272CBDD200110C1D /* Debug */,
				AA4BA826272CBDD200110C1D /* Release */,
			);
			defaultConfigurationIsVisible = 0;
			defaultConfigurationName = Release;
		};
		AA4BA827272CBDD200110C1D /* Build configuration list for PBXNativeTarget "News-AppTests" */ = {
			isa = XCConfigurationList;
			buildConfigurations = (
				AA4BA828272CBDD200110C1D /* Debug */,
				AA4BA829272CBDD200110C1D /* Release */,
			);
			defaultConfigurationIsVisible = 0;
			defaultConfigurationName = Release;
		};
		AA4BA82A272CBDD200110C1D /* Build configuration list for PBXNativeTarget "News-AppUITests" */ = {
			isa = XCConfigurationList;
			buildConfigurations = (
				AA4BA82B272CBDD200110C1D /* Debug */,
				AA4BA82C272CBDD200110C1D /* Release */,
			);
			defaultConfigurationIsVisible = 0;
			defaultConfigurationName = Release;
		};
/* End XCConfigurationList section */
	};
	rootObject = AA4BA7F2272CBDD000110C1D /* Project object */;
}
